// !$*UTF8*$!
{
	archiveVersion = 1;
	classes = {
	};
	objectVersion = 56;
	objects = {

/* Begin PBXBuildFile section */
		38318C092B82CCF500211937 /* Countries.swift in Sources */ = {isa = PBXBuildFile; fileRef = 38318C072B82CCF500211937 /* Countries.swift */; };
		38318C0C2B82CEC700211937 /* CountryListView.swift in Sources */ = {isa = PBXBuildFile; fileRef = 38318C0B2B82CEC700211937 /* CountryListView.swift */; };
		384F40682B7989BC007DC1FE /* CartBadgeView.swift in Sources */ = {isa = PBXBuildFile; fileRef = 384F40672B7989BC007DC1FE /* CartBadgeView.swift */; };
		384F406F2B79A0A6007DC1FE /* UserStateViewModel.swift in Sources */ = {isa = PBXBuildFile; fileRef = 384F406E2B79A0A6007DC1FE /* UserStateViewModel.swift */; };
		384F40732B79A1B4007DC1FE /* LoginFlow.swift in Sources */ = {isa = PBXBuildFile; fileRef = 384F40722B79A1B4007DC1FE /* LoginFlow.swift */; };
		387FFEC42B505DFF003B1280 /* SearchImageContent.swift in Sources */ = {isa = PBXBuildFile; fileRef = 387FFEC32B505DFF003B1280 /* SearchImageContent.swift */; };
		387FFEC62B505E06003B1280 /* Assets.xcassets in Resources */ = {isa = PBXBuildFile; fileRef = 387FFEC52B505E06003B1280 /* Assets.xcassets */; };
		387FFEC92B505E06003B1280 /* Preview Assets.xcassets in Resources */ = {isa = PBXBuildFile; fileRef = 387FFEC82B505E06003B1280 /* Preview Assets.xcassets */; };
		387FFED32B505E06003B1280 /* SwiftUIPracticeTests.swift in Sources */ = {isa = PBXBuildFile; fileRef = 387FFED22B505E06003B1280 /* SwiftUIPracticeTests.swift */; };
		387FFEDD2B505E06003B1280 /* SwiftUIPracticeUITests.swift in Sources */ = {isa = PBXBuildFile; fileRef = 387FFEDC2B505E06003B1280 /* SwiftUIPracticeUITests.swift */; };
		387FFEDF2B505E06003B1280 /* SwiftUIPracticeUITestsLaunchTests.swift in Sources */ = {isa = PBXBuildFile; fileRef = 387FFEDE2B505E06003B1280 /* SwiftUIPracticeUITestsLaunchTests.swift */; };
		387FFEF32B5C7D79003B1280 /* WebError.swift in Sources */ = {isa = PBXBuildFile; fileRef = 387FFEEE2B5C7D79003B1280 /* WebError.swift */; };
		387FFEF42B5C7D79003B1280 /* WebError.swift in Sources */ = {isa = PBXBuildFile; fileRef = 387FFEEE2B5C7D79003B1280 /* WebError.swift */; };
		387FFEF52B5C7D79003B1280 /* WebError.swift in Sources */ = {isa = PBXBuildFile; fileRef = 387FFEEE2B5C7D79003B1280 /* WebError.swift */; };
		387FFEF62B5C7D79003B1280 /* RequestUrl.swift in Sources */ = {isa = PBXBuildFile; fileRef = 387FFEEF2B5C7D79003B1280 /* RequestUrl.swift */; };
		387FFEF72B5C7D79003B1280 /* RequestUrl.swift in Sources */ = {isa = PBXBuildFile; fileRef = 387FFEEF2B5C7D79003B1280 /* RequestUrl.swift */; };
		387FFEF82B5C7D79003B1280 /* RequestUrl.swift in Sources */ = {isa = PBXBuildFile; fileRef = 387FFEEF2B5C7D79003B1280 /* RequestUrl.swift */; };
		387FFEF92B5C7D79003B1280 /* Reachability.swift in Sources */ = {isa = PBXBuildFile; fileRef = 387FFEF02B5C7D79003B1280 /* Reachability.swift */; };
		387FFEFA2B5C7D79003B1280 /* Reachability.swift in Sources */ = {isa = PBXBuildFile; fileRef = 387FFEF02B5C7D79003B1280 /* Reachability.swift */; };
		387FFEFB2B5C7D79003B1280 /* Reachability.swift in Sources */ = {isa = PBXBuildFile; fileRef = 387FFEF02B5C7D79003B1280 /* Reachability.swift */; };
		387FFEFC2B5C7D79003B1280 /* RestManager.swift in Sources */ = {isa = PBXBuildFile; fileRef = 387FFEF12B5C7D79003B1280 /* RestManager.swift */; };
		387FFEFD2B5C7D79003B1280 /* RestManager.swift in Sources */ = {isa = PBXBuildFile; fileRef = 387FFEF12B5C7D79003B1280 /* RestManager.swift */; };
		387FFEFE2B5C7D79003B1280 /* RestManager.swift in Sources */ = {isa = PBXBuildFile; fileRef = 387FFEF12B5C7D79003B1280 /* RestManager.swift */; };
		387FFEFF2B5C7D79003B1280 /* WebAPI.swift in Sources */ = {isa = PBXBuildFile; fileRef = 387FFEF22B5C7D79003B1280 /* WebAPI.swift */; };
		387FFF002B5C7D79003B1280 /* WebAPI.swift in Sources */ = {isa = PBXBuildFile; fileRef = 387FFEF22B5C7D79003B1280 /* WebAPI.swift */; };
		387FFF012B5C7D79003B1280 /* WebAPI.swift in Sources */ = {isa = PBXBuildFile; fileRef = 387FFEF22B5C7D79003B1280 /* WebAPI.swift */; };
		387FFF0D2B5C8E45003B1280 /* Info.plist in Resources */ = {isa = PBXBuildFile; fileRef = 387FFF0B2B5C8E45003B1280 /* Info.plist */; };
		387FFF0E2B5C8E45003B1280 /* Info.plist in Resources */ = {isa = PBXBuildFile; fileRef = 387FFF0B2B5C8E45003B1280 /* Info.plist */; };
		389EEA942B7047D20050591E /* SideMenuModel.swift in Sources */ = {isa = PBXBuildFile; fileRef = 389EEA932B7047D20050591E /* SideMenuModel.swift */; };
		389EEA972B704F8B0050591E /* FilterView.swift in Sources */ = {isa = PBXBuildFile; fileRef = 389EEA962B704F8B0050591E /* FilterView.swift */; };
		389EEA9A2B70697E0050591E /* FilterRow.swift in Sources */ = {isa = PBXBuildFile; fileRef = 389EEA992B70697E0050591E /* FilterRow.swift */; };
		389EEA9D2B7086E60050591E /* HomeScreen.swift in Sources */ = {isa = PBXBuildFile; fileRef = 389EEA9C2B7086E60050591E /* HomeScreen.swift */; };
		389EEAA02B7087050050591E /* ProductCell.swift in Sources */ = {isa = PBXBuildFile; fileRef = 389EEA9F2B7087050050591E /* ProductCell.swift */; };
		389EEAA42B7210B60050591E /* WebView.swift in Sources */ = {isa = PBXBuildFile; fileRef = 389EEAA32B7210B60050591E /* WebView.swift */; };
		389EEAA62B721D960050591E /* Enum.swift in Sources */ = {isa = PBXBuildFile; fileRef = 389EEAA52B721D960050591E /* Enum.swift */; };
		389EEAAD2B75EBD60050591E /* LoginScreen.swift in Sources */ = {isa = PBXBuildFile; fileRef = 389EEAAC2B75EBD60050591E /* LoginScreen.swift */; };
		389EEAB12B7604050050591E /* Localizable.strings in Resources */ = {isa = PBXBuildFile; fileRef = 389EEAB32B7604050050591E /* Localizable.strings */; };
		389EEAB72B76056A0050591E /* Register.swift in Sources */ = {isa = PBXBuildFile; fileRef = 389EEAB62B76056A0050591E /* Register.swift */; };
		389EEAB92B7605D80050591E /* CustomTextField.swift in Sources */ = {isa = PBXBuildFile; fileRef = 389EEAB82B7605D80050591E /* CustomTextField.swift */; };
		389EEABB2B7610BE0050591E /* Button.swift in Sources */ = {isa = PBXBuildFile; fileRef = 389EEABA2B7610BE0050591E /* Button.swift */; };
		389EEABE2B782BE00050591E /* ForgetPasssword.swift in Sources */ = {isa = PBXBuildFile; fileRef = 389EEABD2B782BE00050591E /* ForgetPasssword.swift */; };
		38BD15E12B5C996200D66184 /* NavigationBar.swift in Sources */ = {isa = PBXBuildFile; fileRef = 38BD15E02B5C996200D66184 /* NavigationBar.swift */; };
		38BD15E62B5CD60B00D66184 /* SearchServiceViewModel.swift in Sources */ = {isa = PBXBuildFile; fileRef = 38BD15E52B5CD60B00D66184 /* SearchServiceViewModel.swift */; };
		38BD15E92B5CD69300D66184 /* SearchNasaImageBase.swift in Sources */ = {isa = PBXBuildFile; fileRef = 38BD15E82B5CD69300D66184 /* SearchNasaImageBase.swift */; };
		38BD15EC2B5CD71000D66184 /* AppConstant.swift in Sources */ = {isa = PBXBuildFile; fileRef = 38BD15EB2B5CD71000D66184 /* AppConstant.swift */; };
		38BD15EF2B5CDF8300D66184 /* SearchBar.swift in Sources */ = {isa = PBXBuildFile; fileRef = 38BD15EE2B5CDF8300D66184 /* SearchBar.swift */; };
		38BD15F12B5CE11100D66184 /* ImageRow.swift in Sources */ = {isa = PBXBuildFile; fileRef = 38BD15F02B5CE11100D66184 /* ImageRow.swift */; };
		38BD15F32B5F4E9600D66184 /* EmptyView.swift in Sources */ = {isa = PBXBuildFile; fileRef = 38BD15F22B5F4E9500D66184 /* EmptyView.swift */; };
		38BD15F62B5F614000D66184 /* DetailView.swift in Sources */ = {isa = PBXBuildFile; fileRef = 38BD15F52B5F614000D66184 /* DetailView.swift */; };
		38BD15F82B65C53D00D66184 /* Color.swift in Sources */ = {isa = PBXBuildFile; fileRef = 38BD15F72B65C53D00D66184 /* Color.swift */; };
		38BDCEC22B84401100B6CA18 /* AlertView.swift in Sources */ = {isa = PBXBuildFile; fileRef = 38BDCEC12B84401100B6CA18 /* AlertView.swift */; };
		38F3BBE12B6EF88900BB8A52 /* ImageViewExtension.swift in Sources */ = {isa = PBXBuildFile; fileRef = 38F3BBE02B6EF88900BB8A52 /* ImageViewExtension.swift */; };
		38F3BBE42B6F098D00BB8A52 /* BaseView.swift in Sources */ = {isa = PBXBuildFile; fileRef = 38F3BBE32B6F098D00BB8A52 /* BaseView.swift */; };
		38F3BBE62B6F09F000BB8A52 /* SideMenu.swift in Sources */ = {isa = PBXBuildFile; fileRef = 38F3BBE52B6F09F000BB8A52 /* SideMenu.swift */; };
		38F3BBEE2B6F292100BB8A52 /* ProfileView.swift in Sources */ = {isa = PBXBuildFile; fileRef = 38F3BBED2B6F292100BB8A52 /* ProfileView.swift */; };
		38F3BBF12B6F295A00BB8A52 /* CartView.swift in Sources */ = {isa = PBXBuildFile; fileRef = 38F3BBF02B6F295A00BB8A52 /* CartView.swift */; };
		38FE805C2B80366800B09927 /* OrderListing.swift in Sources */ = {isa = PBXBuildFile; fileRef = 38FE805B2B80366800B09927 /* OrderListing.swift */; };
		38FE805E2B803D3700B09927 /* OrderRow.swift in Sources */ = {isa = PBXBuildFile; fileRef = 38FE805D2B803D3600B09927 /* OrderRow.swift */; };
		38FE80622B80477200B09927 /* OrderDetail.swift in Sources */ = {isa = PBXBuildFile; fileRef = 38FE80612B80477200B09927 /* OrderDetail.swift */; };
		38FE80662B80742C00B09927 /* AddressDetailView.swift in Sources */ = {isa = PBXBuildFile; fileRef = 38FE80652B80742C00B09927 /* AddressDetailView.swift */; };
		38FE80692B807D0D00B09927 /* TextField.swift in Sources */ = {isa = PBXBuildFile; fileRef = 38FE80672B807D0D00B09927 /* TextField.swift */; };
		38FE806A2B807D0D00B09927 /* TextFieldConfig.swift in Sources */ = {isa = PBXBuildFile; fileRef = 38FE80682B807D0D00B09927 /* TextFieldConfig.swift */; };
		38FE806C2B8082E900B09927 /* AddressView.swift in Sources */ = {isa = PBXBuildFile; fileRef = 38FE806B2B8082E900B09927 /* AddressView.swift */; };
		38FE806F2B82CB7000B09927 /* countries.json in Resources */ = {isa = PBXBuildFile; fileRef = 38FE806E2B82CB7000B09927 /* countries.json */; };
/* End PBXBuildFile section */

/* Begin PBXContainerItemProxy section */
		387FFECF2B505E06003B1280 /* PBXContainerItemProxy */ = {
			isa = PBXContainerItemProxy;
			containerPortal = 387FFEB62B505DFF003B1280 /* Project object */;
			proxyType = 1;
			remoteGlobalIDString = 387FFEBD2B505DFF003B1280;
			remoteInfo = SwiftUIPractice;
		};
		387FFED92B505E06003B1280 /* PBXContainerItemProxy */ = {
			isa = PBXContainerItemProxy;
			containerPortal = 387FFEB62B505DFF003B1280 /* Project object */;
			proxyType = 1;
			remoteGlobalIDString = 387FFEBD2B505DFF003B1280;
			remoteInfo = SwiftUIPractice;
		};
/* End PBXContainerItemProxy section */

/* Begin PBXFileReference section */
		38318C072B82CCF500211937 /* Countries.swift */ = {isa = PBXFileReference; fileEncoding = 4; lastKnownFileType = sourcecode.swift; path = Countries.swift; sourceTree = "<group>"; };
		38318C0B2B82CEC700211937 /* CountryListView.swift */ = {isa = PBXFileReference; lastKnownFileType = sourcecode.swift; path = CountryListView.swift; sourceTree = "<group>"; };
		384F40672B7989BC007DC1FE /* CartBadgeView.swift */ = {isa = PBXFileReference; lastKnownFileType = sourcecode.swift; path = CartBadgeView.swift; sourceTree = "<group>"; };
		384F406E2B79A0A6007DC1FE /* UserStateViewModel.swift */ = {isa = PBXFileReference; lastKnownFileType = sourcecode.swift; path = UserStateViewModel.swift; sourceTree = "<group>"; };
		384F40722B79A1B4007DC1FE /* LoginFlow.swift */ = {isa = PBXFileReference; lastKnownFileType = sourcecode.swift; path = LoginFlow.swift; sourceTree = "<group>"; };
		387FFEBE2B505DFF003B1280 /* Yappetizer.app */ = {isa = PBXFileReference; explicitFileType = wrapper.application; includeInIndex = 0; path = Yappetizer.app; sourceTree = BUILT_PRODUCTS_DIR; };
		387FFEC32B505DFF003B1280 /* SearchImageContent.swift */ = {isa = PBXFileReference; lastKnownFileType = sourcecode.swift; path = SearchImageContent.swift; sourceTree = "<group>"; };
		387FFEC52B505E06003B1280 /* Assets.xcassets */ = {isa = PBXFileReference; lastKnownFileType = folder.assetcatalog; path = Assets.xcassets; sourceTree = "<group>"; };
		387FFEC82B505E06003B1280 /* Preview Assets.xcassets */ = {isa = PBXFileReference; lastKnownFileType = folder.assetcatalog; path = "Preview Assets.xcassets"; sourceTree = "<group>"; };
		387FFECE2B505E06003B1280 /* YappetizerTests.xctest */ = {isa = PBXFileReference; explicitFileType = wrapper.cfbundle; includeInIndex = 0; path = YappetizerTests.xctest; sourceTree = BUILT_PRODUCTS_DIR; };
		387FFED22B505E06003B1280 /* SwiftUIPracticeTests.swift */ = {isa = PBXFileReference; lastKnownFileType = sourcecode.swift; path = SwiftUIPracticeTests.swift; sourceTree = "<group>"; };
		387FFED82B505E06003B1280 /* YappetizerUITests.xctest */ = {isa = PBXFileReference; explicitFileType = wrapper.cfbundle; includeInIndex = 0; path = YappetizerUITests.xctest; sourceTree = BUILT_PRODUCTS_DIR; };
		387FFEDC2B505E06003B1280 /* SwiftUIPracticeUITests.swift */ = {isa = PBXFileReference; lastKnownFileType = sourcecode.swift; path = SwiftUIPracticeUITests.swift; sourceTree = "<group>"; };
		387FFEDE2B505E06003B1280 /* SwiftUIPracticeUITestsLaunchTests.swift */ = {isa = PBXFileReference; lastKnownFileType = sourcecode.swift; path = SwiftUIPracticeUITestsLaunchTests.swift; sourceTree = "<group>"; };
		387FFEEE2B5C7D79003B1280 /* WebError.swift */ = {isa = PBXFileReference; fileEncoding = 4; lastKnownFileType = sourcecode.swift; path = WebError.swift; sourceTree = "<group>"; };
		387FFEEF2B5C7D79003B1280 /* RequestUrl.swift */ = {isa = PBXFileReference; fileEncoding = 4; lastKnownFileType = sourcecode.swift; path = RequestUrl.swift; sourceTree = "<group>"; };
		387FFEF02B5C7D79003B1280 /* Reachability.swift */ = {isa = PBXFileReference; fileEncoding = 4; lastKnownFileType = sourcecode.swift; path = Reachability.swift; sourceTree = "<group>"; };
		387FFEF12B5C7D79003B1280 /* RestManager.swift */ = {isa = PBXFileReference; fileEncoding = 4; lastKnownFileType = sourcecode.swift; path = RestManager.swift; sourceTree = "<group>"; };
		387FFEF22B5C7D79003B1280 /* WebAPI.swift */ = {isa = PBXFileReference; fileEncoding = 4; lastKnownFileType = sourcecode.swift; path = WebAPI.swift; sourceTree = "<group>"; };
		387FFF0B2B5C8E45003B1280 /* Info.plist */ = {isa = PBXFileReference; lastKnownFileType = text.plist.xml; path = Info.plist; sourceTree = "<group>"; };
		389EEA932B7047D20050591E /* SideMenuModel.swift */ = {isa = PBXFileReference; fileEncoding = 4; lastKnownFileType = sourcecode.swift; path = SideMenuModel.swift; sourceTree = "<group>"; };
		389EEA962B704F8B0050591E /* FilterView.swift */ = {isa = PBXFileReference; fileEncoding = 4; lastKnownFileType = sourcecode.swift; path = FilterView.swift; sourceTree = "<group>"; };
		389EEA992B70697E0050591E /* FilterRow.swift */ = {isa = PBXFileReference; fileEncoding = 4; lastKnownFileType = sourcecode.swift; path = FilterRow.swift; sourceTree = "<group>"; };
		389EEA9C2B7086E60050591E /* HomeScreen.swift */ = {isa = PBXFileReference; lastKnownFileType = sourcecode.swift; path = HomeScreen.swift; sourceTree = "<group>"; };
		389EEA9F2B7087050050591E /* ProductCell.swift */ = {isa = PBXFileReference; lastKnownFileType = sourcecode.swift; path = ProductCell.swift; sourceTree = "<group>"; };
		389EEAA32B7210B60050591E /* WebView.swift */ = {isa = PBXFileReference; lastKnownFileType = sourcecode.swift; path = WebView.swift; sourceTree = "<group>"; };
		389EEAA52B721D960050591E /* Enum.swift */ = {isa = PBXFileReference; lastKnownFileType = sourcecode.swift; path = Enum.swift; sourceTree = "<group>"; };
		389EEAAC2B75EBD60050591E /* LoginScreen.swift */ = {isa = PBXFileReference; fileEncoding = 4; lastKnownFileType = sourcecode.swift; path = LoginScreen.swift; sourceTree = "<group>"; };
		389EEAB22B7604050050591E /* en */ = {isa = PBXFileReference; lastKnownFileType = text.plist.strings; name = en; path = en.lproj/Localizable.strings; sourceTree = "<group>"; };
		389EEAB42B7604070050591E /* fr-CA */ = {isa = PBXFileReference; lastKnownFileType = text.plist.strings; name = "fr-CA"; path = "fr-CA.lproj/Localizable.strings"; sourceTree = "<group>"; };
		389EEAB62B76056A0050591E /* Register.swift */ = {isa = PBXFileReference; fileEncoding = 4; lastKnownFileType = sourcecode.swift; path = Register.swift; sourceTree = "<group>"; };
		389EEAB82B7605D80050591E /* CustomTextField.swift */ = {isa = PBXFileReference; fileEncoding = 4; lastKnownFileType = sourcecode.swift; path = CustomTextField.swift; sourceTree = "<group>"; };
		389EEABA2B7610BE0050591E /* Button.swift */ = {isa = PBXFileReference; lastKnownFileType = sourcecode.swift; path = Button.swift; sourceTree = "<group>"; };
		389EEABD2B782BE00050591E /* ForgetPasssword.swift */ = {isa = PBXFileReference; fileEncoding = 4; lastKnownFileType = sourcecode.swift; path = ForgetPasssword.swift; sourceTree = "<group>"; };
		38BD15E02B5C996200D66184 /* NavigationBar.swift */ = {isa = PBXFileReference; lastKnownFileType = sourcecode.swift; path = NavigationBar.swift; sourceTree = "<group>"; };
		38BD15E52B5CD60B00D66184 /* SearchServiceViewModel.swift */ = {isa = PBXFileReference; fileEncoding = 4; lastKnownFileType = sourcecode.swift; path = SearchServiceViewModel.swift; sourceTree = "<group>"; };
		38BD15E82B5CD69300D66184 /* SearchNasaImageBase.swift */ = {isa = PBXFileReference; fileEncoding = 4; lastKnownFileType = sourcecode.swift; path = SearchNasaImageBase.swift; sourceTree = "<group>"; };
		38BD15EB2B5CD71000D66184 /* AppConstant.swift */ = {isa = PBXFileReference; fileEncoding = 4; lastKnownFileType = sourcecode.swift; path = AppConstant.swift; sourceTree = "<group>"; };
		38BD15EE2B5CDF8300D66184 /* SearchBar.swift */ = {isa = PBXFileReference; lastKnownFileType = sourcecode.swift; path = SearchBar.swift; sourceTree = "<group>"; };
		38BD15F02B5CE11100D66184 /* ImageRow.swift */ = {isa = PBXFileReference; fileEncoding = 4; lastKnownFileType = sourcecode.swift; path = ImageRow.swift; sourceTree = "<group>"; };
		38BD15F22B5F4E9500D66184 /* EmptyView.swift */ = {isa = PBXFileReference; lastKnownFileType = sourcecode.swift; path = EmptyView.swift; sourceTree = "<group>"; };
		38BD15F52B5F614000D66184 /* DetailView.swift */ = {isa = PBXFileReference; lastKnownFileType = sourcecode.swift; path = DetailView.swift; sourceTree = "<group>"; };
		38BD15F72B65C53D00D66184 /* Color.swift */ = {isa = PBXFileReference; lastKnownFileType = sourcecode.swift; path = Color.swift; sourceTree = "<group>"; };
		38BDCEC12B84401100B6CA18 /* AlertView.swift */ = {isa = PBXFileReference; lastKnownFileType = sourcecode.swift; path = AlertView.swift; sourceTree = "<group>"; };
		38F3BBE02B6EF88900BB8A52 /* ImageViewExtension.swift */ = {isa = PBXFileReference; lastKnownFileType = sourcecode.swift; path = ImageViewExtension.swift; sourceTree = "<group>"; };
		38F3BBE32B6F098D00BB8A52 /* BaseView.swift */ = {isa = PBXFileReference; fileEncoding = 4; lastKnownFileType = sourcecode.swift; path = BaseView.swift; sourceTree = "<group>"; };
		38F3BBE52B6F09F000BB8A52 /* SideMenu.swift */ = {isa = PBXFileReference; fileEncoding = 4; lastKnownFileType = sourcecode.swift; path = SideMenu.swift; sourceTree = "<group>"; };
		38F3BBED2B6F292100BB8A52 /* ProfileView.swift */ = {isa = PBXFileReference; fileEncoding = 4; lastKnownFileType = sourcecode.swift; path = ProfileView.swift; sourceTree = "<group>"; };
		38F3BBF02B6F295A00BB8A52 /* CartView.swift */ = {isa = PBXFileReference; fileEncoding = 4; lastKnownFileType = sourcecode.swift; path = CartView.swift; sourceTree = "<group>"; };
		38FE805B2B80366800B09927 /* OrderListing.swift */ = {isa = PBXFileReference; fileEncoding = 4; lastKnownFileType = sourcecode.swift; path = OrderListing.swift; sourceTree = "<group>"; };
		38FE805D2B803D3600B09927 /* OrderRow.swift */ = {isa = PBXFileReference; fileEncoding = 4; lastKnownFileType = sourcecode.swift; path = OrderRow.swift; sourceTree = "<group>"; };
		38FE80612B80477200B09927 /* OrderDetail.swift */ = {isa = PBXFileReference; fileEncoding = 4; lastKnownFileType = sourcecode.swift; path = OrderDetail.swift; sourceTree = "<group>"; };
		38FE80652B80742C00B09927 /* AddressDetailView.swift */ = {isa = PBXFileReference; fileEncoding = 4; lastKnownFileType = sourcecode.swift; path = AddressDetailView.swift; sourceTree = "<group>"; };
		38FE80672B807D0D00B09927 /* TextField.swift */ = {isa = PBXFileReference; fileEncoding = 4; lastKnownFileType = sourcecode.swift; path = TextField.swift; sourceTree = "<group>"; };
		38FE80682B807D0D00B09927 /* TextFieldConfig.swift */ = {isa = PBXFileReference; fileEncoding = 4; lastKnownFileType = sourcecode.swift; path = TextFieldConfig.swift; sourceTree = "<group>"; };
		38FE806B2B8082E900B09927 /* AddressView.swift */ = {isa = PBXFileReference; fileEncoding = 4; lastKnownFileType = sourcecode.swift; path = AddressView.swift; sourceTree = "<group>"; };
		38FE806E2B82CB7000B09927 /* countries.json */ = {isa = PBXFileReference; fileEncoding = 4; lastKnownFileType = text.json; path = countries.json; sourceTree = "<group>"; };
/* End PBXFileReference section */

/* Begin PBXFrameworksBuildPhase section */
		387FFEBB2B505DFF003B1280 /* Frameworks */ = {
			isa = PBXFrameworksBuildPhase;
			buildActionMask = 2147483647;
			files = (
			);
			runOnlyForDeploymentPostprocessing = 0;
		};
		387FFECB2B505E06003B1280 /* Frameworks */ = {
			isa = PBXFrameworksBuildPhase;
			buildActionMask = 2147483647;
			files = (
			);
			runOnlyForDeploymentPostprocessing = 0;
		};
		387FFED52B505E06003B1280 /* Frameworks */ = {
			isa = PBXFrameworksBuildPhase;
			buildActionMask = 2147483647;
			files = (
			);
			runOnlyForDeploymentPostprocessing = 0;
		};
/* End PBXFrameworksBuildPhase section */

/* Begin PBXGroup section */
		384F406D2B79A089007DC1FE /* ViewModel */ = {
			isa = PBXGroup;
			children = (
				384F406E2B79A0A6007DC1FE /* UserStateViewModel.swift */,
			);
			path = ViewModel;
			sourceTree = "<group>";
		};
		384F40702B79A198007DC1FE /* LoginFlow */ = {
			isa = PBXGroup;
			children = (
				384F40712B79A1A2007DC1FE /* View */,
			);
			path = LoginFlow;
			sourceTree = "<group>";
		};
		384F40712B79A1A2007DC1FE /* View */ = {
			isa = PBXGroup;
			children = (
				384F40722B79A1B4007DC1FE /* LoginFlow.swift */,
			);
			path = View;
			sourceTree = "<group>";
		};
		387FFEB52B505DFF003B1280 = {
			isa = PBXGroup;
			children = (
				387FFEC02B505DFF003B1280 /* SwiftUIPractice */,
				387FFED12B505E06003B1280 /* SwiftUIPracticeTests */,
				387FFEDB2B505E06003B1280 /* SwiftUIPracticeUITests */,
				387FFEBF2B505DFF003B1280 /* Products */,
			);
			sourceTree = "<group>";
		};
		387FFEBF2B505DFF003B1280 /* Products */ = {
			isa = PBXGroup;
			children = (
				387FFEBE2B505DFF003B1280 /* Yappetizer.app */,
				387FFECE2B505E06003B1280 /* YappetizerTests.xctest */,
				387FFED82B505E06003B1280 /* YappetizerUITests.xctest */,
			);
			name = Products;
			sourceTree = "<group>";
		};
		387FFEC02B505DFF003B1280 /* SwiftUIPractice */ = {
			isa = PBXGroup;
			children = (
				387FFEEC2B5C7D5F003B1280 /* Presentation */,
				387FFEED2B5C7D79003B1280 /* NetworkLayer */,
				387FFF022B5C7D95003B1280 /* Utilities */,
				387FFEC52B505E06003B1280 /* Assets.xcassets */,
				387FFF0B2B5C8E45003B1280 /* Info.plist */,
				387FFEC72B505E06003B1280 /* Preview Content */,
			);
			path = SwiftUIPractice;
			sourceTree = "<group>";
		};
		387FFEC72B505E06003B1280 /* Preview Content */ = {
			isa = PBXGroup;
			children = (
				387FFEC82B505E06003B1280 /* Preview Assets.xcassets */,
			);
			path = "Preview Content";
			sourceTree = "<group>";
		};
		387FFED12B505E06003B1280 /* SwiftUIPracticeTests */ = {
			isa = PBXGroup;
			children = (
				387FFED22B505E06003B1280 /* SwiftUIPracticeTests.swift */,
			);
			path = SwiftUIPracticeTests;
			sourceTree = "<group>";
		};
		387FFEDB2B505E06003B1280 /* SwiftUIPracticeUITests */ = {
			isa = PBXGroup;
			children = (
				387FFEDC2B505E06003B1280 /* SwiftUIPracticeUITests.swift */,
				387FFEDE2B505E06003B1280 /* SwiftUIPracticeUITestsLaunchTests.swift */,
			);
			path = SwiftUIPracticeUITests;
			sourceTree = "<group>";
		};
		387FFEEC2B5C7D5F003B1280 /* Presentation */ = {
			isa = PBXGroup;
			children = (
				389EEAA72B75EB7A0050591E /* Auth */,
				389EEAA22B72109F0050591E /* Webview */,
				389EEA9B2B7086D10050591E /* HomeScreen */,
				38F3BBE22B6F097E00BB8A52 /* SideBar */,
				38BD15E22B5CD5D100D66184 /* SearchImage */,
				389EEA952B704F6C0050591E /* FilterView */,
				38F3BBEF2B6F294500BB8A52 /* Cart */,
				38F3BBE82B6F28B600BB8A52 /* Profile */,
				38BD15F42B5F608200D66184 /* ImageDetail */,
			);
			path = Presentation;
			sourceTree = "<group>";
		};
		387FFEED2B5C7D79003B1280 /* NetworkLayer */ = {
			isa = PBXGroup;
			children = (
				387FFEEE2B5C7D79003B1280 /* WebError.swift */,
				387FFEEF2B5C7D79003B1280 /* RequestUrl.swift */,
				387FFEF02B5C7D79003B1280 /* Reachability.swift */,
				387FFEF12B5C7D79003B1280 /* RestManager.swift */,
				387FFEF22B5C7D79003B1280 /* WebAPI.swift */,
			);
			path = NetworkLayer;
			sourceTree = "<group>";
		};
		387FFF022B5C7D95003B1280 /* Utilities */ = {
			isa = PBXGroup;
			children = (
				38FE806D2B82CB5600B09927 /* CountryListJSON */,
				389EEAAE2B7601DB0050591E /* Localization */,
				38BD15ED2B5CDF6F00D66184 /* SearchBar */,
				38BD15EA2B5CD71000D66184 /* Constant */,
				38BD15DF2B5C994A00D66184 /* Extensions */,
			);
			path = Utilities;
			sourceTree = "<group>";
		};
		389EEA922B7047D20050591E /* Model */ = {
			isa = PBXGroup;
			children = (
				389EEA932B7047D20050591E /* SideMenuModel.swift */,
			);
			path = Model;
			sourceTree = "<group>";
		};
		389EEA952B704F6C0050591E /* FilterView */ = {
			isa = PBXGroup;
			children = (
				389EEA982B7069670050591E /* Row */,
				389EEA962B704F8B0050591E /* FilterView.swift */,
			);
			path = FilterView;
			sourceTree = "<group>";
		};
		389EEA982B7069670050591E /* Row */ = {
			isa = PBXGroup;
			children = (
				389EEA992B70697E0050591E /* FilterRow.swift */,
			);
			path = Row;
			sourceTree = "<group>";
		};
		389EEA9B2B7086D10050591E /* HomeScreen */ = {
			isa = PBXGroup;
			children = (
				389EEAA12B7087140050591E /* View */,
				389EEA9E2B7086EE0050591E /* ProductListCell */,
			);
			path = HomeScreen;
			sourceTree = "<group>";
		};
		389EEA9E2B7086EE0050591E /* ProductListCell */ = {
			isa = PBXGroup;
			children = (
				389EEA9F2B7087050050591E /* ProductCell.swift */,
				384F40672B7989BC007DC1FE /* CartBadgeView.swift */,
			);
			path = ProductListCell;
			sourceTree = "<group>";
		};
		389EEAA12B7087140050591E /* View */ = {
			isa = PBXGroup;
			children = (
				389EEA9C2B7086E60050591E /* HomeScreen.swift */,
			);
			path = View;
			sourceTree = "<group>";
		};
		389EEAA22B72109F0050591E /* Webview */ = {
			isa = PBXGroup;
			children = (
				389EEAA32B7210B60050591E /* WebView.swift */,
			);
			path = Webview;
			sourceTree = "<group>";
		};
		389EEAA72B75EB7A0050591E /* Auth */ = {
			isa = PBXGroup;
			children = (
				384F40702B79A198007DC1FE /* LoginFlow */,
				389EEAAB2B75EBA30050591E /* ForgetPassword */,
				389EEAAA2B75EB970050591E /* Registration */,
				389EEAA82B75EB860050591E /* Login */,
			);
			path = Auth;
			sourceTree = "<group>";
		};
		389EEAA82B75EB860050591E /* Login */ = {
			isa = PBXGroup;
			children = (
				384F406D2B79A089007DC1FE /* ViewModel */,
				389EEAA92B75EB8C0050591E /* View */,
			);
			path = Login;
			sourceTree = "<group>";
		};
		389EEAA92B75EB8C0050591E /* View */ = {
			isa = PBXGroup;
			children = (
				389EEAAC2B75EBD60050591E /* LoginScreen.swift */,
			);
			path = View;
			sourceTree = "<group>";
		};
		389EEAAA2B75EB970050591E /* Registration */ = {
			isa = PBXGroup;
			children = (
				389EEAB52B7605610050591E /* View */,
			);
			path = Registration;
			sourceTree = "<group>";
		};
		389EEAAB2B75EBA30050591E /* ForgetPassword */ = {
			isa = PBXGroup;
			children = (
				389EEABC2B782BE00050591E /* View */,
			);
			path = ForgetPassword;
			sourceTree = "<group>";
		};
		389EEAAE2B7601DB0050591E /* Localization */ = {
			isa = PBXGroup;
			children = (
				389EEAB32B7604050050591E /* Localizable.strings */,
			);
			path = Localization;
			sourceTree = "<group>";
		};
		389EEAB52B7605610050591E /* View */ = {
			isa = PBXGroup;
			children = (
				389EEAB62B76056A0050591E /* Register.swift */,
			);
			path = View;
			sourceTree = "<group>";
		};
		389EEABC2B782BE00050591E /* View */ = {
			isa = PBXGroup;
			children = (
				389EEABD2B782BE00050591E /* ForgetPasssword.swift */,
			);
			path = View;
			sourceTree = "<group>";
		};
		38BD15DF2B5C994A00D66184 /* Extensions */ = {
			isa = PBXGroup;
			children = (
				38FE80672B807D0D00B09927 /* TextField.swift */,
				38FE80682B807D0D00B09927 /* TextFieldConfig.swift */,
				389EEAB82B7605D80050591E /* CustomTextField.swift */,
				38BD15E02B5C996200D66184 /* NavigationBar.swift */,
				38BD15F22B5F4E9500D66184 /* EmptyView.swift */,
				38F3BBE02B6EF88900BB8A52 /* ImageViewExtension.swift */,
				389EEAA52B721D960050591E /* Enum.swift */,
				389EEABA2B7610BE0050591E /* Button.swift */,
				38BDCEC12B84401100B6CA18 /* AlertView.swift */,
			);
			path = Extensions;
			sourceTree = "<group>";
		};
		38BD15E22B5CD5D100D66184 /* SearchImage */ = {
			isa = PBXGroup;
			children = (
				38BD15E72B5CD68B00D66184 /* Model */,
				38BD15E42B5CD5F000D66184 /* ViewModel */,
				38BD15E32B5CD5E200D66184 /* View */,
			);
			path = SearchImage;
			sourceTree = "<group>";
		};
		38BD15E32B5CD5E200D66184 /* View */ = {
			isa = PBXGroup;
			children = (
				38BD15F02B5CE11100D66184 /* ImageRow.swift */,
				387FFEC32B505DFF003B1280 /* SearchImageContent.swift */,
			);
			path = View;
			sourceTree = "<group>";
		};
		38BD15E42B5CD5F000D66184 /* ViewModel */ = {
			isa = PBXGroup;
			children = (
				38BD15E52B5CD60B00D66184 /* SearchServiceViewModel.swift */,
			);
			path = ViewModel;
			sourceTree = "<group>";
		};
		38BD15E72B5CD68B00D66184 /* Model */ = {
			isa = PBXGroup;
			children = (
				38BD15E82B5CD69300D66184 /* SearchNasaImageBase.swift */,
			);
			path = Model;
			sourceTree = "<group>";
		};
		38BD15EA2B5CD71000D66184 /* Constant */ = {
			isa = PBXGroup;
			children = (
				38BD15EB2B5CD71000D66184 /* AppConstant.swift */,
				38BD15F72B65C53D00D66184 /* Color.swift */,
			);
			path = Constant;
			sourceTree = "<group>";
		};
		38BD15ED2B5CDF6F00D66184 /* SearchBar */ = {
			isa = PBXGroup;
			children = (
				38BD15EE2B5CDF8300D66184 /* SearchBar.swift */,
			);
			path = SearchBar;
			sourceTree = "<group>";
		};
		38BD15F42B5F608200D66184 /* ImageDetail */ = {
			isa = PBXGroup;
			children = (
				38BD15F52B5F614000D66184 /* DetailView.swift */,
			);
			path = ImageDetail;
			sourceTree = "<group>";
		};
		38F3BBE22B6F097E00BB8A52 /* SideBar */ = {
			isa = PBXGroup;
			children = (
				389EEA922B7047D20050591E /* Model */,
				38F3BBE32B6F098D00BB8A52 /* BaseView.swift */,
				38F3BBE52B6F09F000BB8A52 /* SideMenu.swift */,
			);
			path = SideBar;
			sourceTree = "<group>";
		};
		38F3BBE82B6F28B600BB8A52 /* Profile */ = {
			isa = PBXGroup;
			children = (
				38FE805A2B80363D00B09927 /* BaseView */,
				38FE80632B8073F500B09927 /* Address */,
				38FE80582B8035FA00B09927 /* OrderListing */,
				38FE805F2B80474000B09927 /* OrderDetail */,
			);
			path = Profile;
			sourceTree = "<group>";
		};
		38F3BBEF2B6F294500BB8A52 /* Cart */ = {
			isa = PBXGroup;
			children = (
				38F3BBF02B6F295A00BB8A52 /* CartView.swift */,
			);
			path = Cart;
			sourceTree = "<group>";
		};
		38FE80582B8035FA00B09927 /* OrderListing */ = {
			isa = PBXGroup;
			children = (
				38FE80592B80360600B09927 /* View */,
			);
			path = OrderListing;
			sourceTree = "<group>";
		};
		38FE80592B80360600B09927 /* View */ = {
			isa = PBXGroup;
			children = (
				38FE805B2B80366800B09927 /* OrderListing.swift */,
				38FE805D2B803D3600B09927 /* OrderRow.swift */,
			);
			path = View;
			sourceTree = "<group>";
		};
		38FE805A2B80363D00B09927 /* BaseView */ = {
			isa = PBXGroup;
			children = (
				38F3BBED2B6F292100BB8A52 /* ProfileView.swift */,
			);
			path = BaseView;
			sourceTree = "<group>";
		};
		38FE805F2B80474000B09927 /* OrderDetail */ = {
			isa = PBXGroup;
			children = (
				38FE80602B80475F00B09927 /* View */,
			);
			path = OrderDetail;
			sourceTree = "<group>";
		};
		38FE80602B80475F00B09927 /* View */ = {
			isa = PBXGroup;
			children = (
				38FE80612B80477200B09927 /* OrderDetail.swift */,
			);
			path = View;
			sourceTree = "<group>";
		};
		38FE80632B8073F500B09927 /* Address */ = {
			isa = PBXGroup;
			children = (
				38FE80642B8073FD00B09927 /* View */,
			);
			path = Address;
			sourceTree = "<group>";
		};
		38FE80642B8073FD00B09927 /* View */ = {
			isa = PBXGroup;
			children = (
				38FE806B2B8082E900B09927 /* AddressView.swift */,
				38FE80652B80742C00B09927 /* AddressDetailView.swift */,
			);
			path = View;
			sourceTree = "<group>";
		};
		38FE806D2B82CB5600B09927 /* CountryListJSON */ = {
			isa = PBXGroup;
			children = (
				38318C0B2B82CEC700211937 /* CountryListView.swift */,
				38318C072B82CCF500211937 /* Countries.swift */,
				38FE806E2B82CB7000B09927 /* countries.json */,
			);
			path = CountryListJSON;
			sourceTree = "<group>";
		};
/* End PBXGroup section */

/* Begin PBXNativeTarget section */
		387FFEBD2B505DFF003B1280 /* Yappetizer */ = {
			isa = PBXNativeTarget;
			buildConfigurationList = 387FFEE22B505E06003B1280 /* Build configuration list for PBXNativeTarget "Yappetizer" */;
			buildPhases = (
				387FFEBA2B505DFF003B1280 /* Sources */,
				387FFEBB2B505DFF003B1280 /* Frameworks */,
				387FFEBC2B505DFF003B1280 /* Resources */,
			);
			buildRules = (
			);
			dependencies = (
			);
			name = Yappetizer;
			productName = SwiftUIPractice;
			productReference = 387FFEBE2B505DFF003B1280 /* Yappetizer.app */;
			productType = "com.apple.product-type.application";
		};
		387FFECD2B505E06003B1280 /* YappetizerTests */ = {
			isa = PBXNativeTarget;
			buildConfigurationList = 387FFEE52B505E06003B1280 /* Build configuration list for PBXNativeTarget "YappetizerTests" */;
			buildPhases = (
				387FFECA2B505E06003B1280 /* Sources */,
				387FFECB2B505E06003B1280 /* Frameworks */,
				387FFECC2B505E06003B1280 /* Resources */,
			);
			buildRules = (
			);
			dependencies = (
				387FFED02B505E06003B1280 /* PBXTargetDependency */,
			);
			name = YappetizerTests;
			productName = SwiftUIPracticeTests;
			productReference = 387FFECE2B505E06003B1280 /* YappetizerTests.xctest */;
			productType = "com.apple.product-type.bundle.unit-test";
		};
		387FFED72B505E06003B1280 /* YappetizerUITests */ = {
			isa = PBXNativeTarget;
			buildConfigurationList = 387FFEE82B505E06003B1280 /* Build configuration list for PBXNativeTarget "YappetizerUITests" */;
			buildPhases = (
				387FFED42B505E06003B1280 /* Sources */,
				387FFED52B505E06003B1280 /* Frameworks */,
				387FFED62B505E06003B1280 /* Resources */,
			);
			buildRules = (
			);
			dependencies = (
				387FFEDA2B505E06003B1280 /* PBXTargetDependency */,
			);
			name = YappetizerUITests;
			productName = SwiftUIPracticeUITests;
			productReference = 387FFED82B505E06003B1280 /* YappetizerUITests.xctest */;
			productType = "com.apple.product-type.bundle.ui-testing";
		};
/* End PBXNativeTarget section */

/* Begin PBXProject section */
		387FFEB62B505DFF003B1280 /* Project object */ = {
			isa = PBXProject;
			attributes = {
				BuildIndependentTargetsInParallel = 1;
				LastSwiftUpdateCheck = 1510;
				LastUpgradeCheck = 1510;
				TargetAttributes = {
					387FFEBD2B505DFF003B1280 = {
						CreatedOnToolsVersion = 15.1;
					};
					387FFECD2B505E06003B1280 = {
						CreatedOnToolsVersion = 15.1;
						TestTargetID = 387FFEBD2B505DFF003B1280;
					};
					387FFED72B505E06003B1280 = {
						CreatedOnToolsVersion = 15.1;
						TestTargetID = 387FFEBD2B505DFF003B1280;
					};
				};
			};
			buildConfigurationList = 387FFEB92B505DFF003B1280 /* Build configuration list for PBXProject "Yappetizer" */;
			compatibilityVersion = "Xcode 14.0";
			developmentRegion = en;
			hasScannedForEncodings = 0;
			knownRegions = (
				en,
				Base,
				"fr-CA",
			);
			mainGroup = 387FFEB52B505DFF003B1280;
			productRefGroup = 387FFEBF2B505DFF003B1280 /* Products */;
			projectDirPath = "";
			projectRoot = "";
			targets = (
				387FFEBD2B505DFF003B1280 /* Yappetizer */,
				387FFECD2B505E06003B1280 /* YappetizerTests */,
				387FFED72B505E06003B1280 /* YappetizerUITests */,
			);
		};
/* End PBXProject section */

/* Begin PBXResourcesBuildPhase section */
		387FFEBC2B505DFF003B1280 /* Resources */ = {
			isa = PBXResourcesBuildPhase;
			buildActionMask = 2147483647;
			files = (
				387FFEC92B505E06003B1280 /* Preview Assets.xcassets in Resources */,
				389EEAB12B7604050050591E /* Localizable.strings in Resources */,
				38FE806F2B82CB7000B09927 /* countries.json in Resources */,
				387FFEC62B505E06003B1280 /* Assets.xcassets in Resources */,
			);
			runOnlyForDeploymentPostprocessing = 0;
		};
		387FFECC2B505E06003B1280 /* Resources */ = {
			isa = PBXResourcesBuildPhase;
			buildActionMask = 2147483647;
			files = (
				387FFF0D2B5C8E45003B1280 /* Info.plist in Resources */,
			);
			runOnlyForDeploymentPostprocessing = 0;
		};
		387FFED62B505E06003B1280 /* Resources */ = {
			isa = PBXResourcesBuildPhase;
			buildActionMask = 2147483647;
			files = (
				387FFF0E2B5C8E45003B1280 /* Info.plist in Resources */,
			);
			runOnlyForDeploymentPostprocessing = 0;
		};
/* End PBXResourcesBuildPhase section */

/* Begin PBXSourcesBuildPhase section */
		387FFEBA2B505DFF003B1280 /* Sources */ = {
			isa = PBXSourcesBuildPhase;
			buildActionMask = 2147483647;
			files = (
				387FFEF32B5C7D79003B1280 /* WebError.swift in Sources */,
				38FE80622B80477200B09927 /* OrderDetail.swift in Sources */,
				38BD15EC2B5CD71000D66184 /* AppConstant.swift in Sources */,
				38FE80692B807D0D00B09927 /* TextField.swift in Sources */,
				389EEAAD2B75EBD60050591E /* LoginScreen.swift in Sources */,
				38FE805C2B80366800B09927 /* OrderListing.swift in Sources */,
				389EEABB2B7610BE0050591E /* Button.swift in Sources */,
				387FFEC42B505DFF003B1280 /* SearchImageContent.swift in Sources */,
				38BD15E12B5C996200D66184 /* NavigationBar.swift in Sources */,
				38BD15F82B65C53D00D66184 /* Color.swift in Sources */,
				389EEA972B704F8B0050591E /* FilterView.swift in Sources */,
				38BD15EF2B5CDF8300D66184 /* SearchBar.swift in Sources */,
				387FFEFC2B5C7D79003B1280 /* RestManager.swift in Sources */,
				387FFEF92B5C7D79003B1280 /* Reachability.swift in Sources */,
				387FFEFF2B5C7D79003B1280 /* WebAPI.swift in Sources */,
				389EEA9D2B7086E60050591E /* HomeScreen.swift in Sources */,
				38BD15E92B5CD69300D66184 /* SearchNasaImageBase.swift in Sources */,
				389EEA942B7047D20050591E /* SideMenuModel.swift in Sources */,
				38BD15F12B5CE11100D66184 /* ImageRow.swift in Sources */,
				38318C0C2B82CEC700211937 /* CountryListView.swift in Sources */,
				38BDCEC22B84401100B6CA18 /* AlertView.swift in Sources */,
				387FFEF62B5C7D79003B1280 /* RequestUrl.swift in Sources */,
				38F3BBE12B6EF88900BB8A52 /* ImageViewExtension.swift in Sources */,
				389EEAB92B7605D80050591E /* CustomTextField.swift in Sources */,
				389EEAA02B7087050050591E /* ProductCell.swift in Sources */,
				389EEAA62B721D960050591E /* Enum.swift in Sources */,
				389EEA9A2B70697E0050591E /* FilterRow.swift in Sources */,
				38BD15F32B5F4E9600D66184 /* EmptyView.swift in Sources */,
				38F3BBF12B6F295A00BB8A52 /* CartView.swift in Sources */,
				38F3BBE62B6F09F000BB8A52 /* SideMenu.swift in Sources */,
				389EEABE2B782BE00050591E /* ForgetPasssword.swift in Sources */,
				38318C092B82CCF500211937 /* Countries.swift in Sources */,
				389EEAB72B76056A0050591E /* Register.swift in Sources */,
				38FE806A2B807D0D00B09927 /* TextFieldConfig.swift in Sources */,
				38FE80662B80742C00B09927 /* AddressDetailView.swift in Sources */,
				38F3BBE42B6F098D00BB8A52 /* BaseView.swift in Sources */,
				384F406F2B79A0A6007DC1FE /* UserStateViewModel.swift in Sources */,
				38BD15F62B5F614000D66184 /* DetailView.swift in Sources */,
				38FE806C2B8082E900B09927 /* AddressView.swift in Sources */,
				384F40682B7989BC007DC1FE /* CartBadgeView.swift in Sources */,
				389EEAA42B7210B60050591E /* WebView.swift in Sources */,
				38BD15E62B5CD60B00D66184 /* SearchServiceViewModel.swift in Sources */,
				38FE805E2B803D3700B09927 /* OrderRow.swift in Sources */,
				38F3BBEE2B6F292100BB8A52 /* ProfileView.swift in Sources */,
				384F40732B79A1B4007DC1FE /* LoginFlow.swift in Sources */,
			);
			runOnlyForDeploymentPostprocessing = 0;
		};
		387FFECA2B505E06003B1280 /* Sources */ = {
			isa = PBXSourcesBuildPhase;
			buildActionMask = 2147483647;
			files = (
				387FFED32B505E06003B1280 /* SwiftUIPracticeTests.swift in Sources */,
				387FFF002B5C7D79003B1280 /* WebAPI.swift in Sources */,
				387FFEFD2B5C7D79003B1280 /* RestManager.swift in Sources */,
				387FFEF72B5C7D79003B1280 /* RequestUrl.swift in Sources */,
				387FFEFA2B5C7D79003B1280 /* Reachability.swift in Sources */,
				387FFEF42B5C7D79003B1280 /* WebError.swift in Sources */,
			);
			runOnlyForDeploymentPostprocessing = 0;
		};
		387FFED42B505E06003B1280 /* Sources */ = {
			isa = PBXSourcesBuildPhase;
			buildActionMask = 2147483647;
			files = (
				387FFEF52B5C7D79003B1280 /* WebError.swift in Sources */,
				387FFEDD2B505E06003B1280 /* SwiftUIPracticeUITests.swift in Sources */,
				387FFEDF2B505E06003B1280 /* SwiftUIPracticeUITestsLaunchTests.swift in Sources */,
				387FFEFE2B5C7D79003B1280 /* RestManager.swift in Sources */,
				387FFEFB2B5C7D79003B1280 /* Reachability.swift in Sources */,
				387FFF012B5C7D79003B1280 /* WebAPI.swift in Sources */,
				387FFEF82B5C7D79003B1280 /* RequestUrl.swift in Sources */,
			);
			runOnlyForDeploymentPostprocessing = 0;
		};
/* End PBXSourcesBuildPhase section */

/* Begin PBXTargetDependency section */
		387FFED02B505E06003B1280 /* PBXTargetDependency */ = {
			isa = PBXTargetDependency;
			target = 387FFEBD2B505DFF003B1280 /* Yappetizer */;
			targetProxy = 387FFECF2B505E06003B1280 /* PBXContainerItemProxy */;
		};
		387FFEDA2B505E06003B1280 /* PBXTargetDependency */ = {
			isa = PBXTargetDependency;
			target = 387FFEBD2B505DFF003B1280 /* Yappetizer */;
			targetProxy = 387FFED92B505E06003B1280 /* PBXContainerItemProxy */;
		};
/* End PBXTargetDependency section */

/* Begin PBXVariantGroup section */
		389EEAB32B7604050050591E /* Localizable.strings */ = {
			isa = PBXVariantGroup;
			children = (
				389EEAB22B7604050050591E /* en */,
				389EEAB42B7604070050591E /* fr-CA */,
			);
			name = Localizable.strings;
			sourceTree = "<group>";
		};
/* End PBXVariantGroup section */

/* Begin XCBuildConfiguration section */
		387FFEE02B505E06003B1280 /* Debug */ = {
			isa = XCBuildConfiguration;
			buildSettings = {
				ALWAYS_SEARCH_USER_PATHS = NO;
				ASSETCATALOG_COMPILER_GENERATE_SWIFT_ASSET_SYMBOL_EXTENSIONS = YES;
				CLANG_ANALYZER_NONNULL = YES;
				CLANG_ANALYZER_NUMBER_OBJECT_CONVERSION = YES_AGGRESSIVE;
				CLANG_CXX_LANGUAGE_STANDARD = "gnu++20";
				CLANG_ENABLE_MODULES = YES;
				CLANG_ENABLE_OBJC_ARC = YES;
				CLANG_ENABLE_OBJC_WEAK = YES;
				CLANG_WARN_BLOCK_CAPTURE_AUTORELEASING = YES;
				CLANG_WARN_BOOL_CONVERSION = YES;
				CLANG_WARN_COMMA = YES;
				CLANG_WARN_CONSTANT_CONVERSION = YES;
				CLANG_WARN_DEPRECATED_OBJC_IMPLEMENTATIONS = YES;
				CLANG_WARN_DIRECT_OBJC_ISA_USAGE = YES_ERROR;
				CLANG_WARN_DOCUMENTATION_COMMENTS = YES;
				CLANG_WARN_EMPTY_BODY = YES;
				CLANG_WARN_ENUM_CONVERSION = YES;
				CLANG_WARN_INFINITE_RECURSION = YES;
				CLANG_WARN_INT_CONVERSION = YES;
				CLANG_WARN_NON_LITERAL_NULL_CONVERSION = YES;
				CLANG_WARN_OBJC_IMPLICIT_RETAIN_SELF = YES;
				CLANG_WARN_OBJC_LITERAL_CONVERSION = YES;
				CLANG_WARN_OBJC_ROOT_CLASS = YES_ERROR;
				CLANG_WARN_QUOTED_INCLUDE_IN_FRAMEWORK_HEADER = YES;
				CLANG_WARN_RANGE_LOOP_ANALYSIS = YES;
				CLANG_WARN_STRICT_PROTOTYPES = YES;
				CLANG_WARN_SUSPICIOUS_MOVE = YES;
				CLANG_WARN_UNGUARDED_AVAILABILITY = YES_AGGRESSIVE;
				CLANG_WARN_UNREACHABLE_CODE = YES;
				CLANG_WARN__DUPLICATE_METHOD_MATCH = YES;
				COPY_PHASE_STRIP = NO;
				DEBUG_INFORMATION_FORMAT = dwarf;
				ENABLE_STRICT_OBJC_MSGSEND = YES;
				ENABLE_TESTABILITY = YES;
				ENABLE_USER_SCRIPT_SANDBOXING = YES;
				GCC_C_LANGUAGE_STANDARD = gnu17;
				GCC_DYNAMIC_NO_PIC = NO;
				GCC_NO_COMMON_BLOCKS = YES;
				GCC_OPTIMIZATION_LEVEL = 0;
				GCC_PREPROCESSOR_DEFINITIONS = (
					"DEBUG=1",
					"$(inherited)",
				);
				GCC_WARN_64_TO_32_BIT_CONVERSION = YES;
				GCC_WARN_ABOUT_RETURN_TYPE = YES_ERROR;
				GCC_WARN_UNDECLARED_SELECTOR = YES;
				GCC_WARN_UNINITIALIZED_AUTOS = YES_AGGRESSIVE;
				GCC_WARN_UNUSED_FUNCTION = YES;
				GCC_WARN_UNUSED_VARIABLE = YES;
				IPHONEOS_DEPLOYMENT_TARGET = 17.2;
				LOCALIZATION_PREFERS_STRING_CATALOGS = YES;
				MTL_ENABLE_DEBUG_INFO = INCLUDE_SOURCE;
				MTL_FAST_MATH = YES;
				ONLY_ACTIVE_ARCH = YES;
				SDKROOT = iphoneos;
				SWIFT_ACTIVE_COMPILATION_CONDITIONS = "DEBUG $(inherited)";
				SWIFT_OPTIMIZATION_LEVEL = "-Onone";
			};
			name = Debug;
		};
		387FFEE12B505E06003B1280 /* Release */ = {
			isa = XCBuildConfiguration;
			buildSettings = {
				ALWAYS_SEARCH_USER_PATHS = NO;
				ASSETCATALOG_COMPILER_GENERATE_SWIFT_ASSET_SYMBOL_EXTENSIONS = YES;
				CLANG_ANALYZER_NONNULL = YES;
				CLANG_ANALYZER_NUMBER_OBJECT_CONVERSION = YES_AGGRESSIVE;
				CLANG_CXX_LANGUAGE_STANDARD = "gnu++20";
				CLANG_ENABLE_MODULES = YES;
				CLANG_ENABLE_OBJC_ARC = YES;
				CLANG_ENABLE_OBJC_WEAK = YES;
				CLANG_WARN_BLOCK_CAPTURE_AUTORELEASING = YES;
				CLANG_WARN_BOOL_CONVERSION = YES;
				CLANG_WARN_COMMA = YES;
				CLANG_WARN_CONSTANT_CONVERSION = YES;
				CLANG_WARN_DEPRECATED_OBJC_IMPLEMENTATIONS = YES;
				CLANG_WARN_DIRECT_OBJC_ISA_USAGE = YES_ERROR;
				CLANG_WARN_DOCUMENTATION_COMMENTS = YES;
				CLANG_WARN_EMPTY_BODY = YES;
				CLANG_WARN_ENUM_CONVERSION = YES;
				CLANG_WARN_INFINITE_RECURSION = YES;
				CLANG_WARN_INT_CONVERSION = YES;
				CLANG_WARN_NON_LITERAL_NULL_CONVERSION = YES;
				CLANG_WARN_OBJC_IMPLICIT_RETAIN_SELF = YES;
				CLANG_WARN_OBJC_LITERAL_CONVERSION = YES;
				CLANG_WARN_OBJC_ROOT_CLASS = YES_ERROR;
				CLANG_WARN_QUOTED_INCLUDE_IN_FRAMEWORK_HEADER = YES;
				CLANG_WARN_RANGE_LOOP_ANALYSIS = YES;
				CLANG_WARN_STRICT_PROTOTYPES = YES;
				CLANG_WARN_SUSPICIOUS_MOVE = YES;
				CLANG_WARN_UNGUARDED_AVAILABILITY = YES_AGGRESSIVE;
				CLANG_WARN_UNREACHABLE_CODE = YES;
				CLANG_WARN__DUPLICATE_METHOD_MATCH = YES;
				COPY_PHASE_STRIP = NO;
				DEBUG_INFORMATION_FORMAT = "dwarf-with-dsym";
				ENABLE_NS_ASSERTIONS = NO;
				ENABLE_STRICT_OBJC_MSGSEND = YES;
				ENABLE_USER_SCRIPT_SANDBOXING = YES;
				GCC_C_LANGUAGE_STANDARD = gnu17;
				GCC_NO_COMMON_BLOCKS = YES;
				GCC_WARN_64_TO_32_BIT_CONVERSION = YES;
				GCC_WARN_ABOUT_RETURN_TYPE = YES_ERROR;
				GCC_WARN_UNDECLARED_SELECTOR = YES;
				GCC_WARN_UNINITIALIZED_AUTOS = YES_AGGRESSIVE;
				GCC_WARN_UNUSED_FUNCTION = YES;
				GCC_WARN_UNUSED_VARIABLE = YES;
				IPHONEOS_DEPLOYMENT_TARGET = 17.2;
				LOCALIZATION_PREFERS_STRING_CATALOGS = YES;
				MTL_ENABLE_DEBUG_INFO = NO;
				MTL_FAST_MATH = YES;
				SDKROOT = iphoneos;
				SWIFT_COMPILATION_MODE = wholemodule;
				VALIDATE_PRODUCT = YES;
			};
			name = Release;
		};
		387FFEE32B505E06003B1280 /* Debug */ = {
			isa = XCBuildConfiguration;
			buildSettings = {
				ASSETCATALOG_COMPILER_APPICON_NAME = AppIcon;
				ASSETCATALOG_COMPILER_GLOBAL_ACCENT_COLOR_NAME = AccentColor;
				CODE_SIGN_STYLE = Automatic;
				CURRENT_PROJECT_VERSION = 1;
				DEVELOPMENT_ASSET_PATHS = "\"SwiftUIPractice/Preview Content\"";
				DEVELOPMENT_TEAM = 4T95FHSKN7;
				ENABLE_PREVIEWS = YES;
				GENERATE_INFOPLIST_FILE = YES;
				INFOPLIST_FILE = SwiftUIPractice/Info.plist;
				INFOPLIST_KEY_UIApplicationSceneManifest_Generation = YES;
				INFOPLIST_KEY_UIApplicationSupportsIndirectInputEvents = YES;
				INFOPLIST_KEY_UILaunchStoryboardName = LaunchScreen;
				INFOPLIST_KEY_UISupportedInterfaceOrientations_iPad = "UIInterfaceOrientationPortrait UIInterfaceOrientationPortraitUpsideDown UIInterfaceOrientationLandscapeLeft UIInterfaceOrientationLandscapeRight";
				INFOPLIST_KEY_UISupportedInterfaceOrientations_iPhone = "UIInterfaceOrientationPortrait UIInterfaceOrientationLandscapeLeft UIInterfaceOrientationLandscapeRight";
				IPHONEOS_DEPLOYMENT_TARGET = 16.0;
				LD_RUNPATH_SEARCH_PATHS = (
					"$(inherited)",
					"@executable_path/Frameworks",
				);
				MARKETING_VERSION = 1.0;
				PRODUCT_BUNDLE_IDENTIFIER = com.allball.allball;
				PRODUCT_NAME = "$(TARGET_NAME)";
				SWIFT_EMIT_LOC_STRINGS = YES;
				SWIFT_VERSION = 5.0;
				TARGETED_DEVICE_FAMILY = "1,2";
			};
			name = Debug;
		};
		387FFEE42B505E06003B1280 /* Release */ = {
			isa = XCBuildConfiguration;
			buildSettings = {
				ASSETCATALOG_COMPILER_APPICON_NAME = AppIcon;
				ASSETCATALOG_COMPILER_GLOBAL_ACCENT_COLOR_NAME = AccentColor;
				CODE_SIGN_STYLE = Automatic;
				CURRENT_PROJECT_VERSION = 1;
				DEVELOPMENT_ASSET_PATHS = "\"SwiftUIPractice/Preview Content\"";
				DEVELOPMENT_TEAM = 4T95FHSKN7;
				ENABLE_PREVIEWS = YES;
				GENERATE_INFOPLIST_FILE = YES;
				INFOPLIST_FILE = SwiftUIPractice/Info.plist;
				INFOPLIST_KEY_UIApplicationSceneManifest_Generation = YES;
				INFOPLIST_KEY_UIApplicationSupportsIndirectInputEvents = YES;
				INFOPLIST_KEY_UILaunchStoryboardName = LaunchScreen;
				INFOPLIST_KEY_UISupportedInterfaceOrientations_iPad = "UIInterfaceOrientationPortrait UIInterfaceOrientationPortraitUpsideDown UIInterfaceOrientationLandscapeLeft UIInterfaceOrientationLandscapeRight";
				INFOPLIST_KEY_UISupportedInterfaceOrientations_iPhone = "UIInterfaceOrientationPortrait UIInterfaceOrientationLandscapeLeft UIInterfaceOrientationLandscapeRight";
				IPHONEOS_DEPLOYMENT_TARGET = 16.0;
				LD_RUNPATH_SEARCH_PATHS = (
					"$(inherited)",
					"@executable_path/Frameworks",
				);
				MARKETING_VERSION = 1.0;
				PRODUCT_BUNDLE_IDENTIFIER = com.allball.allball;
				PRODUCT_NAME = "$(TARGET_NAME)";
				SWIFT_EMIT_LOC_STRINGS = YES;
				SWIFT_VERSION = 5.0;
				TARGETED_DEVICE_FAMILY = "1,2";
			};
			name = Release;
		};
		387FFEE62B505E06003B1280 /* Debug */ = {
			isa = XCBuildConfiguration;
			buildSettings = {
				ALWAYS_EMBED_SWIFT_STANDARD_LIBRARIES = YES;
				BUNDLE_LOADER = "$(TEST_HOST)";
				CODE_SIGN_STYLE = Automatic;
				CURRENT_PROJECT_VERSION = 1;
				GENERATE_INFOPLIST_FILE = YES;
				IPHONEOS_DEPLOYMENT_TARGET = 17.2;
				MARKETING_VERSION = 1.0;
				PRODUCT_BUNDLE_IDENTIFIER = com.allball.allball.SwiftUIPracticeTests;
				PRODUCT_NAME = "$(TARGET_NAME)";
				SWIFT_EMIT_LOC_STRINGS = NO;
				SWIFT_VERSION = 5.0;
				TARGETED_DEVICE_FAMILY = "1,2";
				TEST_HOST = "$(BUILT_PRODUCTS_DIR)/SwiftUIPractice.app/$(BUNDLE_EXECUTABLE_FOLDER_PATH)/SwiftUIPractice";
			};
			name = Debug;
		};
		387FFEE72B505E06003B1280 /* Release */ = {
			isa = XCBuildConfiguration;
			buildSettings = {
				ALWAYS_EMBED_SWIFT_STANDARD_LIBRARIES = YES;
				BUNDLE_LOADER = "$(TEST_HOST)";
				CODE_SIGN_STYLE = Automatic;
				CURRENT_PROJECT_VERSION = 1;
				GENERATE_INFOPLIST_FILE = YES;
				IPHONEOS_DEPLOYMENT_TARGET = 17.2;
				MARKETING_VERSION = 1.0;
				PRODUCT_BUNDLE_IDENTIFIER = com.allball.allball.SwiftUIPracticeTests;
				PRODUCT_NAME = "$(TARGET_NAME)";
				SWIFT_EMIT_LOC_STRINGS = NO;
				SWIFT_VERSION = 5.0;
				TARGETED_DEVICE_FAMILY = "1,2";
				TEST_HOST = "$(BUILT_PRODUCTS_DIR)/SwiftUIPractice.app/$(BUNDLE_EXECUTABLE_FOLDER_PATH)/SwiftUIPractice";
			};
			name = Release;
		};
		387FFEE92B505E06003B1280 /* Debug */ = {
			isa = XCBuildConfiguration;
			buildSettings = {
				ALWAYS_EMBED_SWIFT_STANDARD_LIBRARIES = YES;
				CODE_SIGN_STYLE = Automatic;
				CURRENT_PROJECT_VERSION = 1;
				GENERATE_INFOPLIST_FILE = YES;
				MARKETING_VERSION = 1.0;
				PRODUCT_BUNDLE_IDENTIFIER = com.allball.allball.SwiftUIPracticeUITests;
				PRODUCT_NAME = "$(TARGET_NAME)";
				SWIFT_EMIT_LOC_STRINGS = NO;
				SWIFT_VERSION = 5.0;
				TARGETED_DEVICE_FAMILY = "1,2";
				TEST_TARGET_NAME = SwiftUIPractice;
			};
			name = Debug;
		};
		387FFEEA2B505E06003B1280 /* Release */ = {
			isa = XCBuildConfiguration;
			buildSettings = {
				ALWAYS_EMBED_SWIFT_STANDARD_LIBRARIES = YES;
				CODE_SIGN_STYLE = Automatic;
				CURRENT_PROJECT_VERSION = 1;
				GENERATE_INFOPLIST_FILE = YES;
				MARKETING_VERSION = 1.0;
				PRODUCT_BUNDLE_IDENTIFIER = com.allball.allball.SwiftUIPracticeUITests;
				PRODUCT_NAME = "$(TARGET_NAME)";
				SWIFT_EMIT_LOC_STRINGS = NO;
				SWIFT_VERSION = 5.0;
				TARGETED_DEVICE_FAMILY = "1,2";
				TEST_TARGET_NAME = SwiftUIPractice;
			};
			name = Release;
		};
/* End XCBuildConfiguration section */

/* Begin XCConfigurationList section */
		387FFEB92B505DFF003B1280 /* Build configuration list for PBXProject "Yappetizer" */ = {
			isa = XCConfigurationList;
			buildConfigurations = (
				387FFEE02B505E06003B1280 /* Debug */,
				387FFEE12B505E06003B1280 /* Release */,
			);
			defaultConfigurationIsVisible = 0;
			defaultConfigurationName = Release;
		};
		387FFEE22B505E06003B1280 /* Build configuration list for PBXNativeTarget "Yappetizer" */ = {
			isa = XCConfigurationList;
			buildConfigurations = (
				387FFEE32B505E06003B1280 /* Debug */,
				387FFEE42B505E06003B1280 /* Release */,
			);
			defaultConfigurationIsVisible = 0;
			defaultConfigurationName = Release;
		};
		387FFEE52B505E06003B1280 /* Build configuration list for PBXNativeTarget "YappetizerTests" */ = {
			isa = XCConfigurationList;
			buildConfigurations = (
				387FFEE62B505E06003B1280 /* Debug */,
				387FFEE72B505E06003B1280 /* Release */,
			);
			defaultConfigurationIsVisible = 0;
			defaultConfigurationName = Release;
		};
		387FFEE82B505E06003B1280 /* Build configuration list for PBXNativeTarget "YappetizerUITests" */ = {
			isa = XCConfigurationList;
			buildConfigurations = (
				387FFEE92B505E06003B1280 /* Debug */,
				387FFEEA2B505E06003B1280 /* Release */,
			);
			defaultConfigurationIsVisible = 0;
			defaultConfigurationName = Release;
		};
/* End XCConfigurationList section */
	};
	rootObject = 387FFEB62B505DFF003B1280 /* Project object */;
}
